// !$*UTF8*$!
{
	archiveVersion = 1;
	classes = {
	};
	objectVersion = 46;
	objects = {

/* Begin PBXBuildFile section */
		2D40A6D017E0B88B00282132 /* http_protocol.cpp in Sources */ = {isa = PBXBuildFile; fileRef = 2D40A6CE17E0B88B00282132 /* http_protocol.cpp */; };
		2DB9AE6316DB01CF0001779C /* main.cpp in Sources */ = {isa = PBXBuildFile; fileRef = 2DB9AE5B16DB01CF0001779C /* main.cpp */; };
		2DB9AE6416DB01CF0001779C /* server.cpp in Sources */ = {isa = PBXBuildFile; fileRef = 2DB9AE5C16DB01CF0001779C /* server.cpp */; };
		2DCE5ED71847272C009284E6 /* http_parser.c in Sources */ = {isa = PBXBuildFile; fileRef = 2DCE5ED51847272C009284E6 /* http_parser.c */; };
		2DCE5EDA18487D35009284E6 /* libboost_regex-mt.a in Frameworks */ = {isa = PBXBuildFile; fileRef = 2DCE5ED918487D35009284E6 /* libboost_regex-mt.a */; };
		2DCEAB5817E0722400204B89 /* libboost_context-mt.a in Frameworks */ = {isa = PBXBuildFile; fileRef = 2DCEAB5517E0722400204B89 /* libboost_context-mt.a */; };
		2DCEAB5C17E0794C00204B89 /* libboost_coroutine-mt.a in Frameworks */ = {isa = PBXBuildFile; fileRef = 2DCEAB5B17E0794C00204B89 /* libboost_coroutine-mt.a */; };
		2DCEAB5E17E0885C00204B89 /* libboost_system-mt.a in Frameworks */ = {isa = PBXBuildFile; fileRef = 2DCEAB5D17E0885C00204B89 /* libboost_system-mt.a */; };
/* End PBXBuildFile section */

/* Begin PBXCopyFilesBuildPhase section */
		2DB9AE4A16DB01AB0001779C /* CopyFiles */ = {
			isa = PBXCopyFilesBuildPhase;
			buildActionMask = 2147483647;
			dstPath = /usr/share/man/man1/;
			dstSubfolderSpec = 0;
			files = (
			);
			runOnlyForDeploymentPostprocessing = 1;
		};
/* End PBXCopyFilesBuildPhase section */

/* Begin PBXFileReference section */
		2D40A6CE17E0B88B00282132 /* http_protocol.cpp */ = {isa = PBXFileReference; fileEncoding = 4; lastKnownFileType = sourcecode.cpp.cpp; path = http_protocol.cpp; sourceTree = "<group>"; };
		2D40A6CF17E0B88B00282132 /* http_protocol.h */ = {isa = PBXFileReference; fileEncoding = 4; lastKnownFileType = sourcecode.c.h; path = http_protocol.h; sourceTree = "<group>"; };
		2DB9AE4C16DB01AB0001779C /* coroserver */ = {isa = PBXFileReference; explicitFileType = "compiled.mach-o.executable"; includeInIndex = 0; path = coroserver; sourceTree = BUILT_PRODUCTS_DIR; };
		2DB9AE5A16DB01CF0001779C /* async_stream.h */ = {isa = PBXFileReference; fileEncoding = 4; lastKnownFileType = sourcecode.c.h; path = async_stream.h; sourceTree = "<group>"; };
		2DB9AE5B16DB01CF0001779C /* main.cpp */ = {isa = PBXFileReference; fileEncoding = 4; lastKnownFileType = sourcecode.cpp.cpp; path = main.cpp; sourceTree = "<group>"; };
		2DB9AE5C16DB01CF0001779C /* server.cpp */ = {isa = PBXFileReference; fileEncoding = 4; lastKnownFileType = sourcecode.cpp.cpp; path = server.cpp; sourceTree = "<group>"; };
		2DB9AE5D16DB01CF0001779C /* server.h */ = {isa = PBXFileReference; fileEncoding = 4; lastKnownFileType = sourcecode.c.h; path = server.h; sourceTree = "<group>"; };
		2DB9AE6F16DB029D0001779C /* CMakeLists.txt */ = {isa = PBXFileReference; lastKnownFileType = text; path = CMakeLists.txt; sourceTree = "<group>"; };
		2DB9AE7016DB0A2D0001779C /* README.md */ = {isa = PBXFileReference; fileEncoding = 4; lastKnownFileType = text; path = README.md; sourceTree = "<group>"; };
		2DB9AE7116DB0B310001779C /* .gitignore */ = {isa = PBXFileReference; fileEncoding = 4; lastKnownFileType = text; path = .gitignore; sourceTree = "<group>"; };
		2DCE5ED51847272C009284E6 /* http_parser.c */ = {isa = PBXFileReference; fileEncoding = 4; lastKnownFileType = sourcecode.c.c; name = http_parser.c; path = "http-parser/http_parser.c"; sourceTree = "<group>"; };
		2DCE5ED61847272C009284E6 /* http_parser.h */ = {isa = PBXFileReference; fileEncoding = 4; lastKnownFileType = sourcecode.c.h; name = http_parser.h; path = "http-parser/http_parser.h"; sourceTree = "<group>"; };
		2DCE5ED918487D35009284E6 /* libboost_regex-mt.a */ = {isa = PBXFileReference; lastKnownFileType = archive.ar; name = "libboost_regex-mt.a"; path = "/usr/local/Cellar/boost/1.55.0/lib/libboost_regex-mt.a"; sourceTree = "<group>"; };
		2DCEAB5517E0722400204B89 /* libboost_context-mt.a */ = {isa = PBXFileReference; lastKnownFileType = archive.ar; name = "libboost_context-mt.a"; path = "/usr/local/lib/libboost_context-mt.a"; sourceTree = "<group>"; };
		2DCEAB5B17E0794C00204B89 /* libboost_coroutine-mt.a */ = {isa = PBXFileReference; lastKnownFileType = archive.ar; name = "libboost_coroutine-mt.a"; path = "/usr/local/lib/libboost_coroutine-mt.a"; sourceTree = "<group>"; };
		2DCEAB5D17E0885C00204B89 /* libboost_system-mt.a */ = {isa = PBXFileReference; lastKnownFileType = archive.ar; name = "libboost_system-mt.a"; path = "/usr/local/lib/libboost_system-mt.a"; sourceTree = "<group>"; };
/* End PBXFileReference section */

/* Begin PBXFrameworksBuildPhase section */
		2DB9AE4916DB01AB0001779C /* Frameworks */ = {
			isa = PBXFrameworksBuildPhase;
			buildActionMask = 2147483647;
			files = (
				2DCE5EDA18487D35009284E6 /* libboost_regex-mt.a in Frameworks */,
				2DCEAB5E17E0885C00204B89 /* libboost_system-mt.a in Frameworks */,
				2DCEAB5C17E0794C00204B89 /* libboost_coroutine-mt.a in Frameworks */,
				2DCEAB5817E0722400204B89 /* libboost_context-mt.a in Frameworks */,
			);
			runOnlyForDeploymentPostprocessing = 0;
		};
/* End PBXFrameworksBuildPhase section */

/* Begin PBXGroup section */
		2DB9AE4316DB01AB0001779C = {
			isa = PBXGroup;
			children = (
				2DCE5ED918487D35009284E6 /* libboost_regex-mt.a */,
				2DCE5ED81847273F009284E6 /* http-parser */,
				2DCEAB5D17E0885C00204B89 /* libboost_system-mt.a */,
				2DCEAB5B17E0794C00204B89 /* libboost_coroutine-mt.a */,
				2DCEAB5517E0722400204B89 /* libboost_context-mt.a */,
				2DB9AE7116DB0B310001779C /* .gitignore */,
				2DB9AE7016DB0A2D0001779C /* README.md */,
				2DB9AE6F16DB029D0001779C /* CMakeLists.txt */,
				2DB9AE6816DB01F80001779C /* include */,
				2DB9AE6716DB01EA0001779C /* src */,
				2DB9AE4D16DB01AB0001779C /* Products */,
			);
			sourceTree = "<group>";
		};
		2DB9AE4D16DB01AB0001779C /* Products */ = {
			isa = PBXGroup;
			children = (
				2DB9AE4C16DB01AB0001779C /* coroserver */,
			);
			name = Products;
			sourceTree = "<group>";
		};
		2DB9AE6716DB01EA0001779C /* src */ = {
			isa = PBXGroup;
			children = (
				2DB9AE5B16DB01CF0001779C /* main.cpp */,
				2DB9AE5C16DB01CF0001779C /* server.cpp */,
				2D40A6CE17E0B88B00282132 /* http_protocol.cpp */,
			);
			name = src;
			sourceTree = "<group>";
		};
		2DB9AE6816DB01F80001779C /* include */ = {
			isa = PBXGroup;
			children = (
				2DB9AE5A16DB01CF0001779C /* async_stream.h */,
				2DB9AE5D16DB01CF0001779C /* server.h */,
				2D40A6CF17E0B88B00282132 /* http_protocol.h */,
			);
			name = include;
			sourceTree = "<group>";
		};
		2DCE5ED81847273F009284E6 /* http-parser */ = {
			isa = PBXGroup;
			children = (
				2DCE5ED51847272C009284E6 /* http_parser.c */,
				2DCE5ED61847272C009284E6 /* http_parser.h */,
			);
			name = "http-parser";
			sourceTree = "<group>";
		};
/* End PBXGroup section */

/* Begin PBXNativeTarget section */
		2DB9AE4B16DB01AB0001779C /* coroserver */ = {
			isa = PBXNativeTarget;
			buildConfigurationList = 2DB9AE5516DB01AB0001779C /* Build configuration list for PBXNativeTarget "coroserver" */;
			buildPhases = (
				2DB9AE4816DB01AB0001779C /* Sources */,
				2DB9AE4916DB01AB0001779C /* Frameworks */,
				2DB9AE4A16DB01AB0001779C /* CopyFiles */,
			);
			buildRules = (
			);
			dependencies = (
			);
			name = coroserver;
			productName = coroserver;
			productReference = 2DB9AE4C16DB01AB0001779C /* coroserver */;
			productType = "com.apple.product-type.tool";
		};
/* End PBXNativeTarget section */

/* Begin PBXProject section */
		2DB9AE4416DB01AB0001779C /* Project object */ = {
			isa = PBXProject;
			attributes = {
				LastUpgradeCheck = 0500;
				ORGANIZATIONNAME = 0d0a.com;
			};
			buildConfigurationList = 2DB9AE4716DB01AB0001779C /* Build configuration list for PBXProject "coroserver" */;
			compatibilityVersion = "Xcode 3.2";
			developmentRegion = English;
			hasScannedForEncodings = 0;
			knownRegions = (
				en,
			);
			mainGroup = 2DB9AE4316DB01AB0001779C;
			productRefGroup = 2DB9AE4D16DB01AB0001779C /* Products */;
			projectDirPath = "";
			projectRoot = "";
			targets = (
				2DB9AE4B16DB01AB0001779C /* coroserver */,
			);
		};
/* End PBXProject section */

/* Begin PBXSourcesBuildPhase section */
		2DB9AE4816DB01AB0001779C /* Sources */ = {
			isa = PBXSourcesBuildPhase;
			buildActionMask = 2147483647;
			files = (
				2DCE5ED71847272C009284E6 /* http_parser.c in Sources */,
				2DB9AE6316DB01CF0001779C /* main.cpp in Sources */,
				2DB9AE6416DB01CF0001779C /* server.cpp in Sources */,
				2D40A6D017E0B88B00282132 /* http_protocol.cpp in Sources */,
			);
			runOnlyForDeploymentPostprocessing = 0;
		};
/* End PBXSourcesBuildPhase section */

/* Begin XCBuildConfiguration section */
		2DB9AE5316DB01AB0001779C /* Debug */ = {
			isa = XCBuildConfiguration;
			buildSettings = {
				ALWAYS_SEARCH_USER_PATHS = NO;
				CLANG_CXX_LANGUAGE_STANDARD = "c++11";
				CLANG_CXX_LIBRARY = "libc++";
				CLANG_WARN_CONSTANT_CONVERSION = YES;
				CLANG_WARN_EMPTY_BODY = YES;
				CLANG_WARN_ENUM_CONVERSION = YES;
				CLANG_WARN_INT_CONVERSION = YES;
				CLANG_WARN__DUPLICATE_METHOD_MATCH = YES;
				COPY_PHASE_STRIP = NO;
				GCC_C_LANGUAGE_STANDARD = gnu99;
				GCC_DYNAMIC_NO_PIC = NO;
				GCC_ENABLE_OBJC_EXCEPTIONS = YES;
				GCC_OPTIMIZATION_LEVEL = 0;
				GCC_PREPROCESSOR_DEFINITIONS = (
					"DEBUG=1",
					"$(inherited)",
				);
				GCC_SYMBOLS_PRIVATE_EXTERN = NO;
				GCC_WARN_ABOUT_RETURN_TYPE = YES;
				GCC_WARN_UNINITIALIZED_AUTOS = YES;
				GCC_WARN_UNUSED_VARIABLE = YES;
				HEADER_SEARCH_PATHS = /usr/local/include;
				ONLY_ACTIVE_ARCH = YES;
				OTHER_CPLUSPLUSFLAGS = (
					"$(OTHER_CFLAGS)",
					"-ftemplate-depth=256",
				);
			};
			name = Debug;
		};
		2DB9AE5416DB01AB0001779C /* Release */ = {
			isa = XCBuildConfiguration;
			buildSettings = {
				ALWAYS_SEARCH_USER_PATHS = NO;
				CLANG_CXX_LANGUAGE_STANDARD = "c++11";
				CLANG_CXX_LIBRARY = "libc++";
				CLANG_WARN_CONSTANT_CONVERSION = YES;
				CLANG_WARN_EMPTY_BODY = YES;
				CLANG_WARN_ENUM_CONVERSION = YES;
				CLANG_WARN_INT_CONVERSION = YES;
				CLANG_WARN__DUPLICATE_METHOD_MATCH = YES;
				COPY_PHASE_STRIP = YES;
				DEBUG_INFORMATION_FORMAT = "dwarf-with-dsym";
				GCC_C_LANGUAGE_STANDARD = gnu99;
				GCC_ENABLE_OBJC_EXCEPTIONS = YES;
				GCC_WARN_ABOUT_RETURN_TYPE = YES;
				GCC_WARN_UNINITIALIZED_AUTOS = YES;
				GCC_WARN_UNUSED_VARIABLE = YES;
				HEADER_SEARCH_PATHS = /usr/local/include;
				OTHER_CPLUSPLUSFLAGS = (
					"$(OTHER_CFLAGS)",
					"-ftemplate-depth=256",
				);
			};
			name = Release;
		};
		2DB9AE5616DB01AB0001779C /* Debug */ = {
			isa = XCBuildConfiguration;
			buildSettings = {
				LIBRARY_SEARCH_PATHS = (
					/usr/local/lib,
					/usr/local/Cellar/boost/1.55.0/lib,
				);
				PRODUCT_NAME = "$(TARGET_NAME)";
			};
			name = Debug;
		};
		2DB9AE5716DB01AB0001779C /* Release */ = {
			isa = XCBuildConfiguration;
			buildSettings = {
				LIBRARY_SEARCH_PATHS = (
					/usr/local/lib,
					/usr/local/Cellar/boost/1.55.0/lib,
				);
				PRODUCT_NAME = "$(TARGET_NAME)";
			};
			name = Release;
		};
/* End XCBuildConfiguration section */

/* Begin XCConfigurationList section */
		2DB9AE4716DB01AB0001779C /* Build configuration list for PBXProject "coroserver" */ = {
			isa = XCConfigurationList;
			buildConfigurations = (
				2DB9AE5316DB01AB0001779C /* Debug */,
				2DB9AE5416DB01AB0001779C /* Release */,
			);
			defaultConfigurationIsVisible = 0;
			defaultConfigurationName = Release;
		};
		2DB9AE5516DB01AB0001779C /* Build configuration list for PBXNativeTarget "coroserver" */ = {
			isa = XCConfigurationList;
			buildConfigurations = (
				2DB9AE5616DB01AB0001779C /* Debug */,
				2DB9AE5716DB01AB0001779C /* Release */,
			);
			defaultConfigurationIsVisible = 0;
			defaultConfigurationName = Release;
		};
/* End XCConfigurationList section */
	};
	rootObject = 2DB9AE4416DB01AB0001779C /* Project object */;
}
